// !$*UTF8*$!
{
	archiveVersion = 1;
	classes = {
	};
	objectVersion = 46;
	objects = {

/* Begin PBXBuildFile section */
		2C8E58861963EFE1005B3F52 /* Foundation.framework in Frameworks */ = {isa = PBXBuildFile; fileRef = 2C8E58851963EFE1005B3F52 /* Foundation.framework */; };
		2C8E58881963EFE1005B3F52 /* CoreGraphics.framework in Frameworks */ = {isa = PBXBuildFile; fileRef = 2C8E58871963EFE1005B3F52 /* CoreGraphics.framework */; };
		2C8E588A1963EFE1005B3F52 /* UIKit.framework in Frameworks */ = {isa = PBXBuildFile; fileRef = 2C8E58891963EFE1005B3F52 /* UIKit.framework */; };
		2C8E58901963EFE1005B3F52 /* InfoPlist.strings in Resources */ = {isa = PBXBuildFile; fileRef = 2C8E588E1963EFE1005B3F52 /* InfoPlist.strings */; };
		2C8E58921963EFE1005B3F52 /* main.m in Sources */ = {isa = PBXBuildFile; fileRef = 2C8E58911963EFE1005B3F52 /* main.m */; };
		2C8E58961963EFE1005B3F52 /* LE_AppDelegate.m in Sources */ = {isa = PBXBuildFile; fileRef = 2C8E58951963EFE1005B3F52 /* LE_AppDelegate.m */; };
		2C8E58991963EFE1005B3F52 /* Main.storyboard in Resources */ = {isa = PBXBuildFile; fileRef = 2C8E58971963EFE1005B3F52 /* Main.storyboard */; };
		2C8E589C1963EFE1005B3F52 /* LE_ViewController.m in Sources */ = {isa = PBXBuildFile; fileRef = 2C8E589B1963EFE1005B3F52 /* LE_ViewController.m */; };
		2C8E589E1963EFE1005B3F52 /* Images.xcassets in Resources */ = {isa = PBXBuildFile; fileRef = 2C8E589D1963EFE1005B3F52 /* Images.xcassets */; };
		2C8E58A51963EFE1005B3F52 /* XCTest.framework in Frameworks */ = {isa = PBXBuildFile; fileRef = 2C8E58A41963EFE1005B3F52 /* XCTest.framework */; };
		2C8E58A61963EFE1005B3F52 /* Foundation.framework in Frameworks */ = {isa = PBXBuildFile; fileRef = 2C8E58851963EFE1005B3F52 /* Foundation.framework */; };
		2C8E58A71963EFE1005B3F52 /* UIKit.framework in Frameworks */ = {isa = PBXBuildFile; fileRef = 2C8E58891963EFE1005B3F52 /* UIKit.framework */; };
		2C8E58AF1963EFE1005B3F52 /* InfoPlist.strings in Resources */ = {isa = PBXBuildFile; fileRef = 2C8E58AD1963EFE1005B3F52 /* InfoPlist.strings */; };
		2C8E58B11963EFE1005B3F52 /* CouponTests.m in Sources */ = {isa = PBXBuildFile; fileRef = 2C8E58B01963EFE1005B3F52 /* CouponTests.m */; };
/* End PBXBuildFile section */

/* Begin PBXContainerItemProxy section */
		2C8E58A81963EFE1005B3F52 /* PBXContainerItemProxy */ = {
			isa = PBXContainerItemProxy;
			containerPortal = 2C8E587A1963EFE0005B3F52 /* Project object */;
			proxyType = 1;
			remoteGlobalIDString = 2C8E58811963EFE1005B3F52;
			remoteInfo = Coupon;
		};
/* End PBXContainerItemProxy section */

/* Begin PBXFileReference section */
		2C8E58821963EFE1005B3F52 /* Coupon.app */ = {isa = PBXFileReference; explicitFileType = wrapper.application; includeInIndex = 0; path = Coupon.app; sourceTree = BUILT_PRODUCTS_DIR; };
		2C8E58851963EFE1005B3F52 /* Foundation.framework */ = {isa = PBXFileReference; lastKnownFileType = wrapper.framework; name = Foundation.framework; path = System/Library/Frameworks/Foundation.framework; sourceTree = SDKROOT; };
		2C8E58871963EFE1005B3F52 /* CoreGraphics.framework */ = {isa = PBXFileReference; lastKnownFileType = wrapper.framework; name = CoreGraphics.framework; path = System/Library/Frameworks/CoreGraphics.framework; sourceTree = SDKROOT; };
		2C8E58891963EFE1005B3F52 /* UIKit.framework */ = {isa = PBXFileReference; lastKnownFileType = wrapper.framework; name = UIKit.framework; path = System/Library/Frameworks/UIKit.framework; sourceTree = SDKROOT; };
		2C8E588D1963EFE1005B3F52 /* Coupon-Info.plist */ = {isa = PBXFileReference; lastKnownFileType = text.plist.xml; path = "Coupon-Info.plist"; sourceTree = "<group>"; };
		2C8E588F1963EFE1005B3F52 /* en */ = {isa = PBXFileReference; lastKnownFileType = text.plist.strings; name = en; path = en.lproj/InfoPlist.strings; sourceTree = "<group>"; };
		2C8E58911963EFE1005B3F52 /* main.m */ = {isa = PBXFileReference; lastKnownFileType = sourcecode.c.objc; path = main.m; sourceTree = "<group>"; };
		2C8E58931963EFE1005B3F52 /* Coupon-Prefix.pch */ = {isa = PBXFileReference; lastKnownFileType = sourcecode.c.h; path = "Coupon-Prefix.pch"; sourceTree = "<group>"; };
		2C8E58941963EFE1005B3F52 /* LE_AppDelegate.h */ = {isa = PBXFileReference; lastKnownFileType = sourcecode.c.h; path = LE_AppDelegate.h; sourceTree = "<group>"; };
		2C8E58951963EFE1005B3F52 /* LE_AppDelegate.m */ = {isa = PBXFileReference; lastKnownFileType = sourcecode.c.objc; path = LE_AppDelegate.m; sourceTree = "<group>"; };
		2C8E58981963EFE1005B3F52 /* Base */ = {isa = PBXFileReference; lastKnownFileType = file.storyboard; name = Base; path = Base.lproj/Main.storyboard; sourceTree = "<group>"; };
		2C8E589A1963EFE1005B3F52 /* LE_ViewController.h */ = {isa = PBXFileReference; lastKnownFileType = sourcecode.c.h; path = LE_ViewController.h; sourceTree = "<group>"; };
		2C8E589B1963EFE1005B3F52 /* LE_ViewController.m */ = {isa = PBXFileReference; lastKnownFileType = sourcecode.c.objc; path = LE_ViewController.m; sourceTree = "<group>"; };
		2C8E589D1963EFE1005B3F52 /* Images.xcassets */ = {isa = PBXFileReference; lastKnownFileType = folder.assetcatalog; path = Images.xcassets; sourceTree = "<group>"; };
		2C8E58A31963EFE1005B3F52 /* CouponTests.xctest */ = {isa = PBXFileReference; explicitFileType = wrapper.cfbundle; includeInIndex = 0; path = CouponTests.xctest; sourceTree = BUILT_PRODUCTS_DIR; };
		2C8E58A41963EFE1005B3F52 /* XCTest.framework */ = {isa = PBXFileReference; lastKnownFileType = wrapper.framework; name = XCTest.framework; path = Library/Frameworks/XCTest.framework; sourceTree = DEVELOPER_DIR; };
		2C8E58AC1963EFE1005B3F52 /* CouponTests-Info.plist */ = {isa = PBXFileReference; lastKnownFileType = text.plist.xml; path = "CouponTests-Info.plist"; sourceTree = "<group>"; };
		2C8E58AE1963EFE1005B3F52 /* en */ = {isa = PBXFileReference; lastKnownFileType = text.plist.strings; name = en; path = en.lproj/InfoPlist.strings; sourceTree = "<group>"; };
		2C8E58B01963EFE1005B3F52 /* CouponTests.m */ = {isa = PBXFileReference; lastKnownFileType = sourcecode.c.objc; path = CouponTests.m; sourceTree = "<group>"; };
/* End PBXFileReference section */

/* Begin PBXFrameworksBuildPhase section */
		2C8E587F1963EFE1005B3F52 /* Frameworks */ = {
			isa = PBXFrameworksBuildPhase;
			buildActionMask = 2147483647;
			files = (
				2C8E58881963EFE1005B3F52 /* CoreGraphics.framework in Frameworks */,
				2C8E588A1963EFE1005B3F52 /* UIKit.framework in Frameworks */,
				2C8E58861963EFE1005B3F52 /* Foundation.framework in Frameworks */,
			);
			runOnlyForDeploymentPostprocessing = 0;
		};
		2C8E58A01963EFE1005B3F52 /* Frameworks */ = {
			isa = PBXFrameworksBuildPhase;
			buildActionMask = 2147483647;
			files = (
				2C8E58A51963EFE1005B3F52 /* XCTest.framework in Frameworks */,
				2C8E58A71963EFE1005B3F52 /* UIKit.framework in Frameworks */,
				2C8E58A61963EFE1005B3F52 /* Foundation.framework in Frameworks */,
			);
			runOnlyForDeploymentPostprocessing = 0;
		};
/* End PBXFrameworksBuildPhase section */

/* Begin PBXGroup section */
		2C8E58791963EFE0005B3F52 = {
			isa = PBXGroup;
			children = (
				2C8E588B1963EFE1005B3F52 /* Coupon */,
				2C8E58AA1963EFE1005B3F52 /* CouponTests */,
				2C8E58841963EFE1005B3F52 /* Frameworks */,
				2C8E58831963EFE1005B3F52 /* Products */,
			);
			sourceTree = "<group>";
		};
		2C8E58831963EFE1005B3F52 /* Products */ = {
			isa = PBXGroup;
			children = (
				2C8E58821963EFE1005B3F52 /* Coupon.app */,
				2C8E58A31963EFE1005B3F52 /* CouponTests.xctest */,
			);
			name = Products;
			sourceTree = "<group>";
		};
		2C8E58841963EFE1005B3F52 /* Frameworks */ = {
			isa = PBXGroup;
			children = (
				2C8E58851963EFE1005B3F52 /* Foundation.framework */,
				2C8E58871963EFE1005B3F52 /* CoreGraphics.framework */,
				2C8E58891963EFE1005B3F52 /* UIKit.framework */,
				2C8E58A41963EFE1005B3F52 /* XCTest.framework */,
			);
			name = Frameworks;
			sourceTree = "<group>";
		};
		2C8E588B1963EFE1005B3F52 /* Coupon */ = {
			isa = PBXGroup;
			children = (
				2C8E58941963EFE1005B3F52 /* LE_AppDelegate.h */,
				2C8E58951963EFE1005B3F52 /* LE_AppDelegate.m */,
				2C8E58971963EFE1005B3F52 /* Main.storyboard */,
				2C8E589A1963EFE1005B3F52 /* LE_ViewController.h */,
				2C8E589B1963EFE1005B3F52 /* LE_ViewController.m */,
				2C8E589D1963EFE1005B3F52 /* Images.xcassets */,
				2C8E588C1963EFE1005B3F52 /* Supporting Files */,
			);
			path = Coupon;
			sourceTree = "<group>";
		};
		2C8E588C1963EFE1005B3F52 /* Supporting Files */ = {
			isa = PBXGroup;
			children = (
				2C8E588D1963EFE1005B3F52 /* Coupon-Info.plist */,
				2C8E588E1963EFE1005B3F52 /* InfoPlist.strings */,
				2C8E58911963EFE1005B3F52 /* main.m */,
				2C8E58931963EFE1005B3F52 /* Coupon-Prefix.pch */,
			);
			name = "Supporting Files";
			sourceTree = "<group>";
		};
		2C8E58AA1963EFE1005B3F52 /* CouponTests */ = {
			isa = PBXGroup;
			children = (
				2C8E58B01963EFE1005B3F52 /* CouponTests.m */,
				2C8E58AB1963EFE1005B3F52 /* Supporting Files */,
			);
			path = CouponTests;
			sourceTree = "<group>";
		};
		2C8E58AB1963EFE1005B3F52 /* Supporting Files */ = {
			isa = PBXGroup;
			children = (
				2C8E58AC1963EFE1005B3F52 /* CouponTests-Info.plist */,
				2C8E58AD1963EFE1005B3F52 /* InfoPlist.strings */,
			);
			name = "Supporting Files";
			sourceTree = "<group>";
		};
/* End PBXGroup section */

/* Begin PBXNativeTarget section */
		2C8E58811963EFE1005B3F52 /* Coupon */ = {
			isa = PBXNativeTarget;
			buildConfigurationList = 2C8E58B41963EFE1005B3F52 /* Build configuration list for PBXNativeTarget "Coupon" */;
			buildPhases = (
				2C8E587E1963EFE1005B3F52 /* Sources */,
				2C8E587F1963EFE1005B3F52 /* Frameworks */,
				2C8E58801963EFE1005B3F52 /* Resources */,
			);
			buildRules = (
			);
			dependencies = (
			);
			name = Coupon;
			productName = Coupon;
			productReference = 2C8E58821963EFE1005B3F52 /* Coupon.app */;
			productType = "com.apple.product-type.application";
		};
		2C8E58A21963EFE1005B3F52 /* CouponTests */ = {
			isa = PBXNativeTarget;
			buildConfigurationList = 2C8E58B71963EFE1005B3F52 /* Build configuration list for PBXNativeTarget "CouponTests" */;
			buildPhases = (
				2C8E589F1963EFE1005B3F52 /* Sources */,
				2C8E58A01963EFE1005B3F52 /* Frameworks */,
				2C8E58A11963EFE1005B3F52 /* Resources */,
			);
			buildRules = (
			);
			dependencies = (
				2C8E58A91963EFE1005B3F52 /* PBXTargetDependency */,
			);
			name = CouponTests;
			productName = CouponTests;
			productReference = 2C8E58A31963EFE1005B3F52 /* CouponTests.xctest */;
			productType = "com.apple.product-type.bundle.unit-test";
		};
/* End PBXNativeTarget section */

/* Begin PBXProject section */
		2C8E587A1963EFE0005B3F52 /* Project object */ = {
			isa = PBXProject;
			attributes = {
				CLASSPREFIX = LE_;
				LastUpgradeCheck = 0510;
				ORGANIZATIONNAME = "蓝尔科技";
				TargetAttributes = {
					2C8E58A21963EFE1005B3F52 = {
						TestTargetID = 2C8E58811963EFE1005B3F52;
					};
				};
			};
			buildConfigurationList = 2C8E587D1963EFE0005B3F52 /* Build configuration list for PBXProject "Coupon" */;
			compatibilityVersion = "Xcode 3.2";
			developmentRegion = English;
			hasScannedForEncodings = 0;
			knownRegions = (
				en,
				Base,
			);
			mainGroup = 2C8E58791963EFE0005B3F52;
			productRefGroup = 2C8E58831963EFE1005B3F52 /* Products */;
			projectDirPath = "";
			projectRoot = "";
			targets = (
				2C8E58811963EFE1005B3F52 /* Coupon */,
				2C8E58A21963EFE1005B3F52 /* CouponTests */,
			);
		};
/* End PBXProject section */

/* Begin PBXResourcesBuildPhase section */
		2C8E58801963EFE1005B3F52 /* Resources */ = {
			isa = PBXResourcesBuildPhase;
			buildActionMask = 2147483647;
			files = (
				2C8E589E1963EFE1005B3F52 /* Images.xcassets in Resources */,
				2C8E58901963EFE1005B3F52 /* InfoPlist.strings in Resources */,
				2C8E58991963EFE1005B3F52 /* Main.storyboard in Resources */,
			);
			runOnlyForDeploymentPostprocessing = 0;
		};
		2C8E58A11963EFE1005B3F52 /* Resources */ = {
			isa = PBXResourcesBuildPhase;
			buildActionMask = 2147483647;
			files = (
				2C8E58AF1963EFE1005B3F52 /* InfoPlist.strings in Resources */,
			);
			runOnlyForDeploymentPostprocessing = 0;
		};
/* End PBXResourcesBuildPhase section */

/* Begin PBXSourcesBuildPhase section */
		2C8E587E1963EFE1005B3F52 /* Sources */ = {
			isa = PBXSourcesBuildPhase;
			buildActionMask = 2147483647;
			files = (
				2C8E589C1963EFE1005B3F52 /* LE_ViewController.m in Sources */,
				2C8E58921963EFE1005B3F52 /* main.m in Sources */,
				2C8E58961963EFE1005B3F52 /* LE_AppDelegate.m in Sources */,
			);
			runOnlyForDeploymentPostprocessing = 0;
		};
		2C8E589F1963EFE1005B3F52 /* Sources */ = {
			isa = PBXSourcesBuildPhase;
			buildActionMask = 2147483647;
			files = (
				2C8E58B11963EFE1005B3F52 /* CouponTests.m in Sources */,
			);
			runOnlyForDeploymentPostprocessing = 0;
		};
/* End PBXSourcesBuildPhase section */

/* Begin PBXTargetDependency section */
		2C8E58A91963EFE1005B3F52 /* PBXTargetDependency */ = {
			isa = PBXTargetDependency;
			target = 2C8E58811963EFE1005B3F52 /* Coupon */;
			targetProxy = 2C8E58A81963EFE1005B3F52 /* PBXContainerItemProxy */;
		};
/* End PBXTargetDependency section */

/* Begin PBXVariantGroup section */
		2C8E588E1963EFE1005B3F52 /* InfoPlist.strings */ = {
			isa = PBXVariantGroup;
			children = (
				2C8E588F1963EFE1005B3F52 /* en */,
			);
			name = InfoPlist.strings;
			sourceTree = "<group>";
		};
		2C8E58971963EFE1005B3F52 /* Main.storyboard */ = {
			isa = PBXVariantGroup;
			children = (
				2C8E58981963EFE1005B3F52 /* Base */,
			);
			name = Main.storyboard;
			sourceTree = "<group>";
		};
		2C8E58AD1963EFE1005B3F52 /* InfoPlist.strings */ = {
			isa = PBXVariantGroup;
			children = (
				2C8E58AE1963EFE1005B3F52 /* en */,
			);
			name = InfoPlist.strings;
			sourceTree = "<group>";
		};
/* End PBXVariantGroup section */

/* Begin XCBuildConfiguration section */
		2C8E58B21963EFE1005B3F52 /* Debug */ = {
			isa = XCBuildConfiguration;
			buildSettings = {
				ALWAYS_SEARCH_USER_PATHS = NO;
				CLANG_CXX_LANGUAGE_STANDARD = "gnu++0x";
				CLANG_CXX_LIBRARY = "libc++";
				CLANG_ENABLE_MODULES = YES;
				CLANG_ENABLE_OBJC_ARC = YES;
				CLANG_WARN_BOOL_CONVERSION = YES;
				CLANG_WARN_CONSTANT_CONVERSION = YES;
				CLANG_WARN_DIRECT_OBJC_ISA_USAGE = YES_ERROR;
				CLANG_WARN_EMPTY_BODY = YES;
				CLANG_WARN_ENUM_CONVERSION = YES;
				CLANG_WARN_INT_CONVERSION = YES;
				CLANG_WARN_OBJC_ROOT_CLASS = YES_ERROR;
				CLANG_WARN__DUPLICATE_METHOD_MATCH = YES;
				"CODE_SIGN_IDENTITY[sdk=iphoneos*]" = "iPhone Developer";
				COPY_PHASE_STRIP = NO;
				GCC_C_LANGUAGE_STANDARD = gnu99;
				GCC_DYNAMIC_NO_PIC = NO;
				GCC_OPTIMIZATION_LEVEL = 0;
				GCC_PREPROCESSOR_DEFINITIONS = (
					"DEBUG=1",
					"$(inherited)",
				);
				GCC_SYMBOLS_PRIVATE_EXTERN = NO;
				GCC_WARN_64_TO_32_BIT_CONVERSION = YES;
				GCC_WARN_ABOUT_RETURN_TYPE = YES_ERROR;
				GCC_WARN_UNDECLARED_SELECTOR = YES;
				GCC_WARN_UNINITIALIZED_AUTOS = YES_AGGRESSIVE;
				GCC_WARN_UNUSED_FUNCTION = YES;
				GCC_WARN_UNUSED_VARIABLE = YES;
				IPHONEOS_DEPLOYMENT_TARGET = 7.1;
				ONLY_ACTIVE_ARCH = YES;
				SDKROOT = iphoneos;
			};
			name = Debug;
		};
		2C8E58B31963EFE1005B3F52 /* Release */ = {
			isa = XCBuildConfiguration;
			buildSettings = {
				ALWAYS_SEARCH_USER_PATHS = NO;
				CLANG_CXX_LANGUAGE_STANDARD = "gnu++0x";
				CLANG_CXX_LIBRARY = "libc++";
				CLANG_ENABLE_MODULES = YES;
				CLANG_ENABLE_OBJC_ARC = YES;
				CLANG_WARN_BOOL_CONVERSION = YES;
				CLANG_WARN_CONSTANT_CONVERSION = YES;
				CLANG_WARN_DIRECT_OBJC_ISA_USAGE = YES_ERROR;
				CLANG_WARN_EMPTY_BODY = YES;
				CLANG_WARN_ENUM_CONVERSION = YES;
				CLANG_WARN_INT_CONVERSION = YES;
				CLANG_WARN_OBJC_ROOT_CLASS = YES_ERROR;
				CLANG_WARN__DUPLICATE_METHOD_MATCH = YES;
				"CODE_SIGN_IDENTITY[sdk=iphoneos*]" = "iPhone Developer";
				COPY_PHASE_STRIP = YES;
				ENABLE_NS_ASSERTIONS = NO;
				GCC_C_LANGUAGE_STANDARD = gnu99;
				GCC_WARN_64_TO_32_BIT_CONVERSION = YES;
				GCC_WARN_ABOUT_RETURN_TYPE = YES_ERROR;
				GCC_WARN_UNDECLARED_SELECTOR = YES;
				GCC_WARN_UNINITIALIZED_AUTOS = YES_AGGRESSIVE;
				GCC_WARN_UNUSED_FUNCTION = YES;
				GCC_WARN_UNUSED_VARIABLE = YES;
				IPHONEOS_DEPLOYMENT_TARGET = 7.1;
				SDKROOT = iphoneos;
				VALIDATE_PRODUCT = YES;
			};
			name = Release;
		};
		2C8E58B51963EFE1005B3F52 /* Debug */ = {
			isa = XCBuildConfiguration;
			buildSettings = {
				ASSETCATALOG_COMPILER_APPICON_NAME = AppIcon;
				ASSETCATALOG_COMPILER_LAUNCHIMAGE_NAME = LaunchImage;
				GCC_PRECOMPILE_PREFIX_HEADER = YES;
				GCC_PREFIX_HEADER = "Coupon/Coupon-Prefix.pch";
				INFOPLIST_FILE = "Coupon/Coupon-Info.plist";
				PRODUCT_NAME = "$(TARGET_NAME)";
				WRAPPER_EXTENSION = app;
			};
			name = Debug;
		};
		2C8E58B61963EFE1005B3F52 /* Release */ = {
			isa = XCBuildConfiguration;
			buildSettings = {
				ASSETCATALOG_COMPILER_APPICON_NAME = AppIcon;
				ASSETCATALOG_COMPILER_LAUNCHIMAGE_NAME = LaunchImage;
				GCC_PRECOMPILE_PREFIX_HEADER = YES;
				GCC_PREFIX_HEADER = "Coupon/Coupon-Prefix.pch";
				INFOPLIST_FILE = "Coupon/Coupon-Info.plist";
				PRODUCT_NAME = "$(TARGET_NAME)";
				WRAPPER_EXTENSION = app;
			};
			name = Release;
		};
		2C8E58B81963EFE1005B3F52 /* Debug */ = {
			isa = XCBuildConfiguration;
			buildSettings = {
				BUNDLE_LOADER = "$(BUILT_PRODUCTS_DIR)/Coupon.app/Coupon";
				FRAMEWORK_SEARCH_PATHS = (
					"$(SDKROOT)/Developer/Library/Frameworks",
					"$(inherited)",
					"$(DEVELOPER_FRAMEWORKS_DIR)",
				);
				GCC_PRECOMPILE_PREFIX_HEADER = YES;
				GCC_PREFIX_HEADER = "Coupon/Coupon-Prefix.pch";
				GCC_PREPROCESSOR_DEFINITIONS = (
					"DEBUG=1",
					"$(inherited)",
				);
				INFOPLIST_FILE = "CouponTests/CouponTests-Info.plist";
				PRODUCT_NAME = "$(TARGET_NAME)";
				TEST_HOST = "$(BUNDLE_LOADER)";
				WRAPPER_EXTENSION = xctest;
			};
			name = Debug;
		};
		2C8E58B91963EFE1005B3F52 /* Release */ = {
			isa = XCBuildConfiguration;
			buildSettings = {
				BUNDLE_LOADER = "$(BUILT_PRODUCTS_DIR)/Coupon.app/Coupon";
				FRAMEWORK_SEARCH_PATHS = (
					"$(SDKROOT)/Developer/Library/Frameworks",
					"$(inherited)",
					"$(DEVELOPER_FRAMEWORKS_DIR)",
				);
				GCC_PRECOMPILE_PREFIX_HEADER = YES;
				GCC_PREFIX_HEADER = "Coupon/Coupon-Prefix.pch";
				INFOPLIST_FILE = "CouponTests/CouponTests-Info.plist";
				PRODUCT_NAME = "$(TARGET_NAME)";
				TEST_HOST = "$(BUNDLE_LOADER)";
				WRAPPER_EXTENSION = xctest;
			};
			name = Release;
		};
/* End XCBuildConfiguration section */

/* Begin XCConfigurationList section */
		2C8E587D1963EFE0005B3F52 /* Build configuration list for PBXProject "Coupon" */ = {
			isa = XCConfigurationList;
			buildConfigurations = (
				2C8E58B21963EFE1005B3F52 /* Debug */,
				2C8E58B31963EFE1005B3F52 /* Release */,
			);
			defaultConfigurationIsVisible = 0;
			defaultConfigurationName = Release;
		};
		2C8E58B41963EFE1005B3F52 /* Build configuration list for PBXNativeTarget "Coupon" */ = {
			isa = XCConfigurationList;
			buildConfigurations = (
				2C8E58B51963EFE1005B3F52 /* Debug */,
				2C8E58B61963EFE1005B3F52 /* Release */,
			);
			defaultConfigurationIsVisible = 0;
		};
		2C8E58B71963EFE1005B3F52 /* Build configuration list for PBXNativeTarget "CouponTests" */ = {
			isa = XCConfigurationList;
			buildConfigurations = (
				2C8E58B81963EFE1005B3F52 /* Debug */,
				2C8E58B91963EFE1005B3F52 /* Release */,
			);
			defaultConfigurationIsVisible = 0;
		};
/* End XCConfigurationList section */
	};
	rootObject = 2C8E587A1963EFE0005B3F52 /* Project object */;
}
