// !$*UTF8*$!
{
	archiveVersion = 1;
	classes = {
	};
	objectVersion = 46;
	objects = {

/* Begin PBXBuildFile section */
		20F0C0959FE845CB92DF7F72 /* libPods.a in Frameworks */ = {isa = PBXBuildFile; fileRef = 2762B50217BF4CDE8D810FCA /* libPods.a */; };
		2C32EBEB196CD78500309A52 /* LEMyselfLoginInfoView.m in Sources */ = {isa = PBXBuildFile; fileRef = 2C32EBEA196CD78500309A52 /* LEMyselfLoginInfoView.m */; };
		2C46E3CC196639A300C89947 /* LEMainTableViewController.m in Sources */ = {isa = PBXBuildFile; fileRef = 2C46E3CB196639A300C89947 /* LEMainTableViewController.m */; };
		2C46E3CF196642E500C89947 /* LEMainADTableViewCell.m in Sources */ = {isa = PBXBuildFile; fileRef = 2C46E3CE196642E500C89947 /* LEMainADTableViewCell.m */; };
		2C46E3D11966430000C89947 /* ad.xib in Resources */ = {isa = PBXBuildFile; fileRef = 2C46E3D01966430000C89947 /* ad.xib */; };
		2C46E3D4196655E000C89947 /* LEMainADImageView.m in Sources */ = {isa = PBXBuildFile; fileRef = 2C46E3D3196655E000C89947 /* LEMainADImageView.m */; };
		2C7DD384196B8F03006C2D5C /* LEMyselfTableViewController.m in Sources */ = {isa = PBXBuildFile; fileRef = 2C7DD383196B8F03006C2D5C /* LEMyselfTableViewController.m */; };
		2C7DD38A196BD8D9006C2D5C /* LEShopTableViewController.m in Sources */ = {isa = PBXBuildFile; fileRef = 2C7DD389196BD8D9006C2D5C /* LEShopTableViewController.m */; };
		2C7DD38F196BEA4D006C2D5C /* LEMyselfLoginTableViewCell.m in Sources */ = {isa = PBXBuildFile; fileRef = 2C7DD38E196BEA4D006C2D5C /* LEMyselfLoginTableViewCell.m */; };
		2C8B3588196A33E70001A11E /* LEMainDataTableViewCell.m in Sources */ = {isa = PBXBuildFile; fileRef = 2C8B3587196A33E70001A11E /* LEMainDataTableViewCell.m */; };
		2C8B358B196A45770001A11E /* LEDelectLineLabel.m in Sources */ = {isa = PBXBuildFile; fileRef = 2C8B358A196A45770001A11E /* LEDelectLineLabel.m */; };
		2C8B358E196A4F060001A11E /* CommonlyUsedMethod.m in Sources */ = {isa = PBXBuildFile; fileRef = 2C8B358D196A4F060001A11E /* CommonlyUsedMethod.m */; };
		2C8B35D1196A75C30001A11E /* CoreData.framework in Frameworks */ = {isa = PBXBuildFile; fileRef = 2C8B35D0196A75C30001A11E /* CoreData.framework */; };
		2C8E58861963EFE1005B3F52 /* Foundation.framework in Frameworks */ = {isa = PBXBuildFile; fileRef = 2C8E58851963EFE1005B3F52 /* Foundation.framework */; };
		2C8E58881963EFE1005B3F52 /* CoreGraphics.framework in Frameworks */ = {isa = PBXBuildFile; fileRef = 2C8E58871963EFE1005B3F52 /* CoreGraphics.framework */; };
		2C8E588A1963EFE1005B3F52 /* UIKit.framework in Frameworks */ = {isa = PBXBuildFile; fileRef = 2C8E58891963EFE1005B3F52 /* UIKit.framework */; };
		2C8E58901963EFE1005B3F52 /* InfoPlist.strings in Resources */ = {isa = PBXBuildFile; fileRef = 2C8E588E1963EFE1005B3F52 /* InfoPlist.strings */; };
		2C8E58921963EFE1005B3F52 /* main.m in Sources */ = {isa = PBXBuildFile; fileRef = 2C8E58911963EFE1005B3F52 /* main.m */; };
		2C8E58961963EFE1005B3F52 /* LEAppDelegate.m in Sources */ = {isa = PBXBuildFile; fileRef = 2C8E58951963EFE1005B3F52 /* LEAppDelegate.m */; };
		2C8E58991963EFE1005B3F52 /* Main.storyboard in Resources */ = {isa = PBXBuildFile; fileRef = 2C8E58971963EFE1005B3F52 /* Main.storyboard */; };
		2C8E589E1963EFE1005B3F52 /* Images.xcassets in Resources */ = {isa = PBXBuildFile; fileRef = 2C8E589D1963EFE1005B3F52 /* Images.xcassets */; };
		2C8E58A51963EFE1005B3F52 /* XCTest.framework in Frameworks */ = {isa = PBXBuildFile; fileRef = 2C8E58A41963EFE1005B3F52 /* XCTest.framework */; };
		2C8E58A61963EFE1005B3F52 /* Foundation.framework in Frameworks */ = {isa = PBXBuildFile; fileRef = 2C8E58851963EFE1005B3F52 /* Foundation.framework */; };
		2C8E58A71963EFE1005B3F52 /* UIKit.framework in Frameworks */ = {isa = PBXBuildFile; fileRef = 2C8E58891963EFE1005B3F52 /* UIKit.framework */; };
		2C8E58AF1963EFE1005B3F52 /* InfoPlist.strings in Resources */ = {isa = PBXBuildFile; fileRef = 2C8E58AD1963EFE1005B3F52 /* InfoPlist.strings */; };
		2C8E58B11963EFE1005B3F52 /* CouponTests.m in Sources */ = {isa = PBXBuildFile; fileRef = 2C8E58B01963EFE1005B3F52 /* CouponTests.m */; };
		2CC44FAD196E7440001FF74F /* XXChooseList.m in Sources */ = {isa = PBXBuildFile; fileRef = 2CC44FAC196E7440001FF74F /* XXChooseList.m */; };
		2CC44FB0196E7D8A001FF74F /* XXChooseListButton.m in Sources */ = {isa = PBXBuildFile; fileRef = 2CC44FAF196E7D8A001FF74F /* XXChooseListButton.m */; };
		2CC44FB3196E8432001FF74F /* UIImage+Tint.m in Sources */ = {isa = PBXBuildFile; fileRef = 2CC44FB2196E8432001FF74F /* UIImage+Tint.m */; };
		2CC669A419654A020005E4A2 /* LEMainImageViewButton.m in Sources */ = {isa = PBXBuildFile; fileRef = 2CC669A319654A020005E4A2 /* LEMainImageViewButton.m */; };
		2CC669A7196552C90005E4A2 /* LEMainFunctionTableViewCell.m in Sources */ = {isa = PBXBuildFile; fileRef = 2CC669A6196552C90005E4A2 /* LEMainFunctionTableViewCell.m */; };
/* End PBXBuildFile section */

/* Begin PBXContainerItemProxy section */
		2C8E58A81963EFE1005B3F52 /* PBXContainerItemProxy */ = {
			isa = PBXContainerItemProxy;
			containerPortal = 2C8E587A1963EFE0005B3F52 /* Project object */;
			proxyType = 1;
			remoteGlobalIDString = 2C8E58811963EFE1005B3F52;
			remoteInfo = Coupon;
		};
/* End PBXContainerItemProxy section */

/* Begin PBXFileReference section */
		2762B50217BF4CDE8D810FCA /* libPods.a */ = {isa = PBXFileReference; explicitFileType = archive.ar; includeInIndex = 0; path = libPods.a; sourceTree = BUILT_PRODUCTS_DIR; };
		2C32EBE9196CD78500309A52 /* LEMyselfLoginInfoView.h */ = {isa = PBXFileReference; fileEncoding = 4; lastKnownFileType = sourcecode.c.h; path = LEMyselfLoginInfoView.h; sourceTree = "<group>"; };
		2C32EBEA196CD78500309A52 /* LEMyselfLoginInfoView.m */ = {isa = PBXFileReference; fileEncoding = 4; lastKnownFileType = sourcecode.c.objc; path = LEMyselfLoginInfoView.m; sourceTree = "<group>"; };
		2C46E3CA196639A300C89947 /* LEMainTableViewController.h */ = {isa = PBXFileReference; fileEncoding = 4; lastKnownFileType = sourcecode.c.h; path = LEMainTableViewController.h; sourceTree = "<group>"; };
		2C46E3CB196639A300C89947 /* LEMainTableViewController.m */ = {isa = PBXFileReference; fileEncoding = 4; lastKnownFileType = sourcecode.c.objc; path = LEMainTableViewController.m; sourceTree = "<group>"; };
		2C46E3CD196642E500C89947 /* LEMainADTableViewCell.h */ = {isa = PBXFileReference; fileEncoding = 4; lastKnownFileType = sourcecode.c.h; path = LEMainADTableViewCell.h; sourceTree = "<group>"; };
		2C46E3CE196642E500C89947 /* LEMainADTableViewCell.m */ = {isa = PBXFileReference; fileEncoding = 4; lastKnownFileType = sourcecode.c.objc; path = LEMainADTableViewCell.m; sourceTree = "<group>"; };
		2C46E3D01966430000C89947 /* ad.xib */ = {isa = PBXFileReference; fileEncoding = 4; lastKnownFileType = file.xib; path = ad.xib; sourceTree = "<group>"; };
		2C46E3D2196655E000C89947 /* LEMainADImageView.h */ = {isa = PBXFileReference; fileEncoding = 4; lastKnownFileType = sourcecode.c.h; path = LEMainADImageView.h; sourceTree = "<group>"; };
		2C46E3D3196655E000C89947 /* LEMainADImageView.m */ = {isa = PBXFileReference; fileEncoding = 4; lastKnownFileType = sourcecode.c.objc; path = LEMainADImageView.m; sourceTree = "<group>"; };
		2C7DD382196B8F03006C2D5C /* LEMyselfTableViewController.h */ = {isa = PBXFileReference; fileEncoding = 4; lastKnownFileType = sourcecode.c.h; path = LEMyselfTableViewController.h; sourceTree = "<group>"; };
		2C7DD383196B8F03006C2D5C /* LEMyselfTableViewController.m */ = {isa = PBXFileReference; fileEncoding = 4; lastKnownFileType = sourcecode.c.objc; path = LEMyselfTableViewController.m; sourceTree = "<group>"; };
		2C7DD388196BD8D9006C2D5C /* LEShopTableViewController.h */ = {isa = PBXFileReference; fileEncoding = 4; lastKnownFileType = sourcecode.c.h; path = LEShopTableViewController.h; sourceTree = "<group>"; };
		2C7DD389196BD8D9006C2D5C /* LEShopTableViewController.m */ = {isa = PBXFileReference; fileEncoding = 4; lastKnownFileType = sourcecode.c.objc; path = LEShopTableViewController.m; sourceTree = "<group>"; };
		2C7DD38D196BEA4D006C2D5C /* LEMyselfLoginTableViewCell.h */ = {isa = PBXFileReference; fileEncoding = 4; lastKnownFileType = sourcecode.c.h; path = LEMyselfLoginTableViewCell.h; sourceTree = "<group>"; };
		2C7DD38E196BEA4D006C2D5C /* LEMyselfLoginTableViewCell.m */ = {isa = PBXFileReference; fileEncoding = 4; lastKnownFileType = sourcecode.c.objc; path = LEMyselfLoginTableViewCell.m; sourceTree = "<group>"; };
		2C8B3586196A33E70001A11E /* LEMainDataTableViewCell.h */ = {isa = PBXFileReference; fileEncoding = 4; lastKnownFileType = sourcecode.c.h; path = LEMainDataTableViewCell.h; sourceTree = "<group>"; };
		2C8B3587196A33E70001A11E /* LEMainDataTableViewCell.m */ = {isa = PBXFileReference; fileEncoding = 4; lastKnownFileType = sourcecode.c.objc; path = LEMainDataTableViewCell.m; sourceTree = "<group>"; };
		2C8B3589196A45770001A11E /* LEDelectLineLabel.h */ = {isa = PBXFileReference; fileEncoding = 4; lastKnownFileType = sourcecode.c.h; path = LEDelectLineLabel.h; sourceTree = "<group>"; };
		2C8B358A196A45770001A11E /* LEDelectLineLabel.m */ = {isa = PBXFileReference; fileEncoding = 4; lastKnownFileType = sourcecode.c.objc; path = LEDelectLineLabel.m; sourceTree = "<group>"; };
		2C8B358C196A4F060001A11E /* CommonlyUsedMethod.h */ = {isa = PBXFileReference; fileEncoding = 4; lastKnownFileType = sourcecode.c.h; path = CommonlyUsedMethod.h; sourceTree = "<group>"; };
		2C8B358D196A4F060001A11E /* CommonlyUsedMethod.m */ = {isa = PBXFileReference; fileEncoding = 4; lastKnownFileType = sourcecode.c.objc; path = CommonlyUsedMethod.m; sourceTree = "<group>"; };
		2C8B35D0196A75C30001A11E /* CoreData.framework */ = {isa = PBXFileReference; lastKnownFileType = wrapper.framework; name = CoreData.framework; path = System/Library/Frameworks/CoreData.framework; sourceTree = SDKROOT; };
		2C8E58821963EFE1005B3F52 /* 优惠劵.app */ = {isa = PBXFileReference; explicitFileType = wrapper.application; includeInIndex = 0; path = "优惠劵.app"; sourceTree = BUILT_PRODUCTS_DIR; };
		2C8E58851963EFE1005B3F52 /* Foundation.framework */ = {isa = PBXFileReference; lastKnownFileType = wrapper.framework; name = Foundation.framework; path = System/Library/Frameworks/Foundation.framework; sourceTree = SDKROOT; };
		2C8E58871963EFE1005B3F52 /* CoreGraphics.framework */ = {isa = PBXFileReference; lastKnownFileType = wrapper.framework; name = CoreGraphics.framework; path = System/Library/Frameworks/CoreGraphics.framework; sourceTree = SDKROOT; };
		2C8E58891963EFE1005B3F52 /* UIKit.framework */ = {isa = PBXFileReference; lastKnownFileType = wrapper.framework; name = UIKit.framework; path = System/Library/Frameworks/UIKit.framework; sourceTree = SDKROOT; };
		2C8E588D1963EFE1005B3F52 /* Coupon-Info.plist */ = {isa = PBXFileReference; lastKnownFileType = text.plist.xml; path = "Coupon-Info.plist"; sourceTree = "<group>"; };
		2C8E588F1963EFE1005B3F52 /* en */ = {isa = PBXFileReference; lastKnownFileType = text.plist.strings; name = en; path = en.lproj/InfoPlist.strings; sourceTree = "<group>"; };
		2C8E58911963EFE1005B3F52 /* main.m */ = {isa = PBXFileReference; lastKnownFileType = sourcecode.c.objc; path = main.m; sourceTree = "<group>"; };
		2C8E58931963EFE1005B3F52 /* Coupon-Prefix.pch */ = {isa = PBXFileReference; lastKnownFileType = sourcecode.c.h; path = "Coupon-Prefix.pch"; sourceTree = "<group>"; };
		2C8E58941963EFE1005B3F52 /* LEAppDelegate.h */ = {isa = PBXFileReference; lastKnownFileType = sourcecode.c.h; path = LEAppDelegate.h; sourceTree = "<group>"; };
		2C8E58951963EFE1005B3F52 /* LEAppDelegate.m */ = {isa = PBXFileReference; lastKnownFileType = sourcecode.c.objc; path = LEAppDelegate.m; sourceTree = "<group>"; };
		2C8E58981963EFE1005B3F52 /* Base */ = {isa = PBXFileReference; lastKnownFileType = file.storyboard; name = Base; path = Base.lproj/Main.storyboard; sourceTree = "<group>"; };
		2C8E589D1963EFE1005B3F52 /* Images.xcassets */ = {isa = PBXFileReference; lastKnownFileType = folder.assetcatalog; path = Images.xcassets; sourceTree = "<group>"; };
		2C8E58A31963EFE1005B3F52 /* CouponTests.xctest */ = {isa = PBXFileReference; explicitFileType = wrapper.cfbundle; includeInIndex = 0; path = CouponTests.xctest; sourceTree = BUILT_PRODUCTS_DIR; };
		2C8E58A41963EFE1005B3F52 /* XCTest.framework */ = {isa = PBXFileReference; lastKnownFileType = wrapper.framework; name = XCTest.framework; path = Library/Frameworks/XCTest.framework; sourceTree = DEVELOPER_DIR; };
		2C8E58AC1963EFE1005B3F52 /* CouponTests-Info.plist */ = {isa = PBXFileReference; lastKnownFileType = text.plist.xml; path = "CouponTests-Info.plist"; sourceTree = "<group>"; };
		2C8E58AE1963EFE1005B3F52 /* en */ = {isa = PBXFileReference; lastKnownFileType = text.plist.strings; name = en; path = en.lproj/InfoPlist.strings; sourceTree = "<group>"; };
		2C8E58B01963EFE1005B3F52 /* CouponTests.m */ = {isa = PBXFileReference; lastKnownFileType = sourcecode.c.objc; path = CouponTests.m; sourceTree = "<group>"; };
		2CC44FAB196E7440001FF74F /* XXChooseList.h */ = {isa = PBXFileReference; fileEncoding = 4; lastKnownFileType = sourcecode.c.h; path = XXChooseList.h; sourceTree = "<group>"; };
		2CC44FAC196E7440001FF74F /* XXChooseList.m */ = {isa = PBXFileReference; fileEncoding = 4; lastKnownFileType = sourcecode.c.objc; path = XXChooseList.m; sourceTree = "<group>"; };
		2CC44FAE196E7D8A001FF74F /* XXChooseListButton.h */ = {isa = PBXFileReference; fileEncoding = 4; lastKnownFileType = sourcecode.c.h; path = XXChooseListButton.h; sourceTree = "<group>"; };
		2CC44FAF196E7D8A001FF74F /* XXChooseListButton.m */ = {isa = PBXFileReference; fileEncoding = 4; lastKnownFileType = sourcecode.c.objc; path = XXChooseListButton.m; sourceTree = "<group>"; };
		2CC44FB1196E8432001FF74F /* UIImage+Tint.h */ = {isa = PBXFileReference; fileEncoding = 4; lastKnownFileType = sourcecode.c.h; path = "UIImage+Tint.h"; sourceTree = "<group>"; };
		2CC44FB2196E8432001FF74F /* UIImage+Tint.m */ = {isa = PBXFileReference; fileEncoding = 4; lastKnownFileType = sourcecode.c.objc; path = "UIImage+Tint.m"; sourceTree = "<group>"; };
		2CC669A11964FB000005E4A2 /* GlobalMacro.h */ = {isa = PBXFileReference; lastKnownFileType = sourcecode.c.h; path = GlobalMacro.h; sourceTree = "<group>"; };
		2CC669A219654A020005E4A2 /* LEMainImageViewButton.h */ = {isa = PBXFileReference; fileEncoding = 4; lastKnownFileType = sourcecode.c.h; path = LEMainImageViewButton.h; sourceTree = "<group>"; };
		2CC669A319654A020005E4A2 /* LEMainImageViewButton.m */ = {isa = PBXFileReference; fileEncoding = 4; lastKnownFileType = sourcecode.c.objc; path = LEMainImageViewButton.m; sourceTree = "<group>"; };
		2CC669A5196552C90005E4A2 /* LEMainFunctionTableViewCell.h */ = {isa = PBXFileReference; fileEncoding = 4; lastKnownFileType = sourcecode.c.h; path = LEMainFunctionTableViewCell.h; sourceTree = "<group>"; };
		2CC669A6196552C90005E4A2 /* LEMainFunctionTableViewCell.m */ = {isa = PBXFileReference; fileEncoding = 4; lastKnownFileType = sourcecode.c.objc; path = LEMainFunctionTableViewCell.m; sourceTree = "<group>"; };
		D97867E643D0448AAAD01CB7 /* Pods.xcconfig */ = {isa = PBXFileReference; includeInIndex = 1; lastKnownFileType = text.xcconfig; name = Pods.xcconfig; path = Pods/Pods.xcconfig; sourceTree = "<group>"; };
/* End PBXFileReference section */

/* Begin PBXFrameworksBuildPhase section */
		2C8E587F1963EFE1005B3F52 /* Frameworks */ = {
			isa = PBXFrameworksBuildPhase;
			buildActionMask = 2147483647;
			files = (
				2C8B35D1196A75C30001A11E /* CoreData.framework in Frameworks */,
				2C8E58881963EFE1005B3F52 /* CoreGraphics.framework in Frameworks */,
				2C8E588A1963EFE1005B3F52 /* UIKit.framework in Frameworks */,
				2C8E58861963EFE1005B3F52 /* Foundation.framework in Frameworks */,
				20F0C0959FE845CB92DF7F72 /* libPods.a in Frameworks */,
			);
			runOnlyForDeploymentPostprocessing = 0;
		};
		2C8E58A01963EFE1005B3F52 /* Frameworks */ = {
			isa = PBXFrameworksBuildPhase;
			buildActionMask = 2147483647;
			files = (
				2C8E58A51963EFE1005B3F52 /* XCTest.framework in Frameworks */,
				2C8E58A71963EFE1005B3F52 /* UIKit.framework in Frameworks */,
				2C8E58A61963EFE1005B3F52 /* Foundation.framework in Frameworks */,
			);
			runOnlyForDeploymentPostprocessing = 0;
		};
/* End PBXFrameworksBuildPhase section */

/* Begin PBXGroup section */
		2C7DD37D196B8E4E006C2D5C /* Myself */ = {
			isa = PBXGroup;
			children = (
				2C7DD382196B8F03006C2D5C /* LEMyselfTableViewController.h */,
				2C7DD383196B8F03006C2D5C /* LEMyselfTableViewController.m */,
			);
			path = Myself;
			sourceTree = "<group>";
		};
		2C7DD37E196B8E4E006C2D5C /* Shop */ = {
			isa = PBXGroup;
			children = (
				2C7DD388196BD8D9006C2D5C /* LEShopTableViewController.h */,
				2C7DD389196BD8D9006C2D5C /* LEShopTableViewController.m */,
			);
			path = Shop;
			sourceTree = "<group>";
		};
		2C7DD38B196BEA14006C2D5C /* Myself */ = {
			isa = PBXGroup;
			children = (
				2C7DD38D196BEA4D006C2D5C /* LEMyselfLoginTableViewCell.h */,
				2C7DD38E196BEA4D006C2D5C /* LEMyselfLoginTableViewCell.m */,
				2C32EBE9196CD78500309A52 /* LEMyselfLoginInfoView.h */,
				2C32EBEA196CD78500309A52 /* LEMyselfLoginInfoView.m */,
			);
			path = Myself;
			sourceTree = "<group>";
		};
		2C7DD38C196BEA14006C2D5C /* Shop */ = {
			isa = PBXGroup;
			children = (
				2CC44FAA196E7417001FF74F /* ShopChooseList */,
			);
			path = Shop;
			sourceTree = "<group>";
		};
		2C8E58791963EFE0005B3F52 = {
			isa = PBXGroup;
			children = (
				2C8E588B1963EFE1005B3F52 /* Coupon */,
				2C8E58AA1963EFE1005B3F52 /* CouponTests */,
				2C8E58841963EFE1005B3F52 /* Frameworks */,
				2C8E58831963EFE1005B3F52 /* Products */,
				D97867E643D0448AAAD01CB7 /* Pods.xcconfig */,
			);
			sourceTree = "<group>";
		};
		2C8E58831963EFE1005B3F52 /* Products */ = {
			isa = PBXGroup;
			children = (
				2C8E58821963EFE1005B3F52 /* 优惠劵.app */,
				2C8E58A31963EFE1005B3F52 /* CouponTests.xctest */,
			);
			name = Products;
			sourceTree = "<group>";
		};
		2C8E58841963EFE1005B3F52 /* Frameworks */ = {
			isa = PBXGroup;
			children = (
				2C8B35D0196A75C30001A11E /* CoreData.framework */,
				2C8E58851963EFE1005B3F52 /* Foundation.framework */,
				2C8E58871963EFE1005B3F52 /* CoreGraphics.framework */,
				2C8E58891963EFE1005B3F52 /* UIKit.framework */,
				2C8E58A41963EFE1005B3F52 /* XCTest.framework */,
				2762B50217BF4CDE8D810FCA /* libPods.a */,
			);
			name = Frameworks;
			sourceTree = "<group>";
		};
		2C8E588B1963EFE1005B3F52 /* Coupon */ = {
			isa = PBXGroup;
			children = (
				2CC669831964F1CA0005E4A2 /* Controller */,
				2CC669841964F1CA0005E4A2 /* Model */,
				2CC669851964F1CA0005E4A2 /* View */,
				2C8E58971963EFE1005B3F52 /* Main.storyboard */,
				2C8E589D1963EFE1005B3F52 /* Images.xcassets */,
				2C8E588C1963EFE1005B3F52 /* Supporting Files */,
			);
			path = Coupon;
			sourceTree = "<group>";
		};
		2C8E588C1963EFE1005B3F52 /* Supporting Files */ = {
			isa = PBXGroup;
			children = (
				2C8E58941963EFE1005B3F52 /* LEAppDelegate.h */,
				2C8E58951963EFE1005B3F52 /* LEAppDelegate.m */,
				2C8E588D1963EFE1005B3F52 /* Coupon-Info.plist */,
				2C8E588E1963EFE1005B3F52 /* InfoPlist.strings */,
				2C8E58911963EFE1005B3F52 /* main.m */,
				2C8E58931963EFE1005B3F52 /* Coupon-Prefix.pch */,
				2CC669A11964FB000005E4A2 /* GlobalMacro.h */,
				2C8B358C196A4F060001A11E /* CommonlyUsedMethod.h */,
				2C8B358D196A4F060001A11E /* CommonlyUsedMethod.m */,
			);
			name = "Supporting Files";
			sourceTree = "<group>";
		};
		2C8E58AA1963EFE1005B3F52 /* CouponTests */ = {
			isa = PBXGroup;
			children = (
				2C8E58B01963EFE1005B3F52 /* CouponTests.m */,
				2C8E58AB1963EFE1005B3F52 /* Supporting Files */,
			);
			path = CouponTests;
			sourceTree = "<group>";
		};
		2C8E58AB1963EFE1005B3F52 /* Supporting Files */ = {
			isa = PBXGroup;
			children = (
				2C8E58AC1963EFE1005B3F52 /* CouponTests-Info.plist */,
				2C8E58AD1963EFE1005B3F52 /* InfoPlist.strings */,
			);
			name = "Supporting Files";
			sourceTree = "<group>";
		};
		2CC44FAA196E7417001FF74F /* ShopChooseList */ = {
			isa = PBXGroup;
			children = (
				2CC44FB1196E8432001FF74F /* UIImage+Tint.h */,
				2CC44FB2196E8432001FF74F /* UIImage+Tint.m */,
				2CC44FAB196E7440001FF74F /* XXChooseList.h */,
				2CC44FAC196E7440001FF74F /* XXChooseList.m */,
				2CC44FAE196E7D8A001FF74F /* XXChooseListButton.h */,
				2CC44FAF196E7D8A001FF74F /* XXChooseListButton.m */,
			);
			path = ShopChooseList;
			sourceTree = "<group>";
		};
		2CC669831964F1CA0005E4A2 /* Controller */ = {
			isa = PBXGroup;
			children = (
				2C7DD37D196B8E4E006C2D5C /* Myself */,
				2C7DD37E196B8E4E006C2D5C /* Shop */,
				2CC669891964F28D0005E4A2 /* Main */,
			);
			path = Controller;
			sourceTree = "<group>";
		};
		2CC669841964F1CA0005E4A2 /* Model */ = {
			isa = PBXGroup;
			children = (
			);
			path = Model;
			sourceTree = "<group>";
		};
		2CC669851964F1CA0005E4A2 /* View */ = {
			isa = PBXGroup;
			children = (
				2C7DD38B196BEA14006C2D5C /* Myself */,
				2C7DD38C196BEA14006C2D5C /* Shop */,
				2CC669921964F38B0005E4A2 /* Main */,
			);
			path = View;
			sourceTree = "<group>";
		};
		2CC669891964F28D0005E4A2 /* Main */ = {
			isa = PBXGroup;
			children = (
				2C46E3CA196639A300C89947 /* LEMainTableViewController.h */,
				2C46E3CB196639A300C89947 /* LEMainTableViewController.m */,
			);
			path = Main;
			sourceTree = "<group>";
		};
		2CC669921964F38B0005E4A2 /* Main */ = {
			isa = PBXGroup;
			children = (
				2CC669A219654A020005E4A2 /* LEMainImageViewButton.h */,
				2CC669A319654A020005E4A2 /* LEMainImageViewButton.m */,
				2CC669A5196552C90005E4A2 /* LEMainFunctionTableViewCell.h */,
				2CC669A6196552C90005E4A2 /* LEMainFunctionTableViewCell.m */,
				2C46E3CD196642E500C89947 /* LEMainADTableViewCell.h */,
				2C46E3CE196642E500C89947 /* LEMainADTableViewCell.m */,
				2C46E3D01966430000C89947 /* ad.xib */,
				2C46E3D2196655E000C89947 /* LEMainADImageView.h */,
				2C46E3D3196655E000C89947 /* LEMainADImageView.m */,
				2C8B3586196A33E70001A11E /* LEMainDataTableViewCell.h */,
				2C8B3587196A33E70001A11E /* LEMainDataTableViewCell.m */,
				2C8B3589196A45770001A11E /* LEDelectLineLabel.h */,
				2C8B358A196A45770001A11E /* LEDelectLineLabel.m */,
			);
			path = Main;
			sourceTree = "<group>";
		};
/* End PBXGroup section */

/* Begin PBXNativeTarget section */
		2C8E58811963EFE1005B3F52 /* Coupon */ = {
			isa = PBXNativeTarget;
			buildConfigurationList = 2C8E58B41963EFE1005B3F52 /* Build configuration list for PBXNativeTarget "Coupon" */;
			buildPhases = (
				E2C5F405C8164BB4AC61DCE7 /* Check Pods Manifest.lock */,
				2C8E587E1963EFE1005B3F52 /* Sources */,
				2C8E587F1963EFE1005B3F52 /* Frameworks */,
				2C8E58801963EFE1005B3F52 /* Resources */,
				295712D5F2C8482682EC193A /* Copy Pods Resources */,
			);
			buildRules = (
			);
			dependencies = (
			);
			name = Coupon;
			productName = Coupon;
			productReference = 2C8E58821963EFE1005B3F52 /* 优惠劵.app */;
			productType = "com.apple.product-type.application";
		};
		2C8E58A21963EFE1005B3F52 /* CouponTests */ = {
			isa = PBXNativeTarget;
			buildConfigurationList = 2C8E58B71963EFE1005B3F52 /* Build configuration list for PBXNativeTarget "CouponTests" */;
			buildPhases = (
				2C8E589F1963EFE1005B3F52 /* Sources */,
				2C8E58A01963EFE1005B3F52 /* Frameworks */,
				2C8E58A11963EFE1005B3F52 /* Resources */,
			);
			buildRules = (
			);
			dependencies = (
				2C8E58A91963EFE1005B3F52 /* PBXTargetDependency */,
			);
			name = CouponTests;
			productName = CouponTests;
			productReference = 2C8E58A31963EFE1005B3F52 /* CouponTests.xctest */;
			productType = "com.apple.product-type.bundle.unit-test";
		};
/* End PBXNativeTarget section */

/* Begin PBXProject section */
		2C8E587A1963EFE0005B3F52 /* Project object */ = {
			isa = PBXProject;
			attributes = {
				CLASSPREFIX = LE;
				LastUpgradeCheck = 0510;
				ORGANIZATIONNAME = "蓝尔科技(lanerkeji@icloud.com)";
				TargetAttributes = {
					2C8E58A21963EFE1005B3F52 = {
						TestTargetID = 2C8E58811963EFE1005B3F52;
					};
				};
			};
			buildConfigurationList = 2C8E587D1963EFE0005B3F52 /* Build configuration list for PBXProject "Coupon" */;
			compatibilityVersion = "Xcode 3.2";
			developmentRegion = English;
			hasScannedForEncodings = 0;
			knownRegions = (
				en,
				Base,
			);
			mainGroup = 2C8E58791963EFE0005B3F52;
			productRefGroup = 2C8E58831963EFE1005B3F52 /* Products */;
			projectDirPath = "";
			projectRoot = "";
			targets = (
				2C8E58811963EFE1005B3F52 /* Coupon */,
				2C8E58A21963EFE1005B3F52 /* CouponTests */,
			);
		};
/* End PBXProject section */

/* Begin PBXResourcesBuildPhase section */
		2C8E58801963EFE1005B3F52 /* Resources */ = {
			isa = PBXResourcesBuildPhase;
			buildActionMask = 2147483647;
			files = (
				2C46E3D11966430000C89947 /* ad.xib in Resources */,
				2C8E589E1963EFE1005B3F52 /* Images.xcassets in Resources */,
				2C8E58901963EFE1005B3F52 /* InfoPlist.strings in Resources */,
				2C8E58991963EFE1005B3F52 /* Main.storyboard in Resources */,
			);
			runOnlyForDeploymentPostprocessing = 0;
		};
		2C8E58A11963EFE1005B3F52 /* Resources */ = {
			isa = PBXResourcesBuildPhase;
			buildActionMask = 2147483647;
			files = (
				2C8E58AF1963EFE1005B3F52 /* InfoPlist.strings in Resources */,
			);
			runOnlyForDeploymentPostprocessing = 0;
		};
/* End PBXResourcesBuildPhase section */

/* Begin PBXShellScriptBuildPhase section */
		295712D5F2C8482682EC193A /* Copy Pods Resources */ = {
			isa = PBXShellScriptBuildPhase;
			buildActionMask = 2147483647;
			files = (
			);
			inputPaths = (
			);
			name = "Copy Pods Resources";
			outputPaths = (
			);
			runOnlyForDeploymentPostprocessing = 0;
			shellPath = /bin/sh;
			shellScript = "\"${SRCROOT}/Pods/Pods-resources.sh\"\n";
			showEnvVarsInLog = 0;
		};
		E2C5F405C8164BB4AC61DCE7 /* Check Pods Manifest.lock */ = {
			isa = PBXShellScriptBuildPhase;
			buildActionMask = 2147483647;
			files = (
			);
			inputPaths = (
			);
			name = "Check Pods Manifest.lock";
			outputPaths = (
			);
			runOnlyForDeploymentPostprocessing = 0;
			shellPath = /bin/sh;
			shellScript = "diff \"${PODS_ROOT}/../Podfile.lock\" \"${PODS_ROOT}/Manifest.lock\" > /dev/null\nif [[ $? != 0 ]] ; then\n    cat << EOM\nerror: The sandbox is not in sync with the Podfile.lock. Run 'pod install' or update your CocoaPods installation.\nEOM\n    exit 1\nfi\n";
			showEnvVarsInLog = 0;
		};
/* End PBXShellScriptBuildPhase section */

/* Begin PBXSourcesBuildPhase section */
		2C8E587E1963EFE1005B3F52 /* Sources */ = {
			isa = PBXSourcesBuildPhase;
			buildActionMask = 2147483647;
			files = (
				2C8E58921963EFE1005B3F52 /* main.m in Sources */,
				2CC669A419654A020005E4A2 /* LEMainImageViewButton.m in Sources */,
				2C46E3CC196639A300C89947 /* LEMainTableViewController.m in Sources */,
				2C8B358B196A45770001A11E /* LEDelectLineLabel.m in Sources */,
				2CC669A7196552C90005E4A2 /* LEMainFunctionTableViewCell.m in Sources */,
				2C8B358E196A4F060001A11E /* CommonlyUsedMethod.m in Sources */,
				2C46E3D4196655E000C89947 /* LEMainADImageView.m in Sources */,
				2C32EBEB196CD78500309A52 /* LEMyselfLoginInfoView.m in Sources */,
				2CC44FB0196E7D8A001FF74F /* XXChooseListButton.m in Sources */,
				2C7DD384196B8F03006C2D5C /* LEMyselfTableViewController.m in Sources */,
				2C7DD38A196BD8D9006C2D5C /* LEShopTableViewController.m in Sources */,
				2C46E3CF196642E500C89947 /* LEMainADTableViewCell.m in Sources */,
				2CC44FAD196E7440001FF74F /* XXChooseList.m in Sources */,
				2CC44FB3196E8432001FF74F /* UIImage+Tint.m in Sources */,
				2C7DD38F196BEA4D006C2D5C /* LEMyselfLoginTableViewCell.m in Sources */,
				2C8E58961963EFE1005B3F52 /* LEAppDelegate.m in Sources */,
				2C8B3588196A33E70001A11E /* LEMainDataTableViewCell.m in Sources */,
			);
			runOnlyForDeploymentPostprocessing = 0;
		};
		2C8E589F1963EFE1005B3F52 /* Sources */ = {
			isa = PBXSourcesBuildPhase;
			buildActionMask = 2147483647;
			files = (
				2C8E58B11963EFE1005B3F52 /* CouponTests.m in Sources */,
			);
			runOnlyForDeploymentPostprocessing = 0;
		};
/* End PBXSourcesBuildPhase section */

/* Begin PBXTargetDependency section */
		2C8E58A91963EFE1005B3F52 /* PBXTargetDependency */ = {
			isa = PBXTargetDependency;
			target = 2C8E58811963EFE1005B3F52 /* Coupon */;
			targetProxy = 2C8E58A81963EFE1005B3F52 /* PBXContainerItemProxy */;
		};
/* End PBXTargetDependency section */

/* Begin PBXVariantGroup section */
		2C8E588E1963EFE1005B3F52 /* InfoPlist.strings */ = {
			isa = PBXVariantGroup;
			children = (
				2C8E588F1963EFE1005B3F52 /* en */,
			);
			name = InfoPlist.strings;
			sourceTree = "<group>";
		};
		2C8E58971963EFE1005B3F52 /* Main.storyboard */ = {
			isa = PBXVariantGroup;
			children = (
				2C8E58981963EFE1005B3F52 /* Base */,
			);
			name = Main.storyboard;
			sourceTree = "<group>";
		};
		2C8E58AD1963EFE1005B3F52 /* InfoPlist.strings */ = {
			isa = PBXVariantGroup;
			children = (
				2C8E58AE1963EFE1005B3F52 /* en */,
			);
			name = InfoPlist.strings;
			sourceTree = "<group>";
		};
/* End PBXVariantGroup section */

/* Begin XCBuildConfiguration section */
		2C8E58B21963EFE1005B3F52 /* Debug */ = {
			isa = XCBuildConfiguration;
			buildSettings = {
				ALWAYS_SEARCH_USER_PATHS = NO;
				CLANG_CXX_LANGUAGE_STANDARD = "gnu++0x";
				CLANG_CXX_LIBRARY = "libc++";
				CLANG_ENABLE_MODULES = YES;
				CLANG_ENABLE_OBJC_ARC = YES;
				CLANG_WARN_BOOL_CONVERSION = YES;
				CLANG_WARN_CONSTANT_CONVERSION = YES;
				CLANG_WARN_DIRECT_OBJC_ISA_USAGE = YES_ERROR;
				CLANG_WARN_EMPTY_BODY = YES;
				CLANG_WARN_ENUM_CONVERSION = YES;
				CLANG_WARN_INT_CONVERSION = YES;
				CLANG_WARN_OBJC_ROOT_CLASS = YES_ERROR;
				CLANG_WARN__DUPLICATE_METHOD_MATCH = YES;
				"CODE_SIGN_IDENTITY[sdk=iphoneos*]" = "iPhone Developer";
				COPY_PHASE_STRIP = NO;
				GCC_C_LANGUAGE_STANDARD = gnu99;
				GCC_DYNAMIC_NO_PIC = NO;
				GCC_OPTIMIZATION_LEVEL = 0;
				GCC_PREPROCESSOR_DEFINITIONS = (
					"DEBUG=1",
					"$(inherited)",
				);
				GCC_SYMBOLS_PRIVATE_EXTERN = NO;
				GCC_WARN_64_TO_32_BIT_CONVERSION = YES;
				GCC_WARN_ABOUT_RETURN_TYPE = YES_ERROR;
				GCC_WARN_UNDECLARED_SELECTOR = YES;
				GCC_WARN_UNINITIALIZED_AUTOS = YES_AGGRESSIVE;
				GCC_WARN_UNUSED_FUNCTION = YES;
				GCC_WARN_UNUSED_VARIABLE = YES;
				IPHONEOS_DEPLOYMENT_TARGET = 7.1;
				ONLY_ACTIVE_ARCH = YES;
				SDKROOT = iphoneos;
			};
			name = Debug;
		};
		2C8E58B31963EFE1005B3F52 /* Release */ = {
			isa = XCBuildConfiguration;
			buildSettings = {
				ALWAYS_SEARCH_USER_PATHS = NO;
				CLANG_CXX_LANGUAGE_STANDARD = "gnu++0x";
				CLANG_CXX_LIBRARY = "libc++";
				CLANG_ENABLE_MODULES = YES;
				CLANG_ENABLE_OBJC_ARC = YES;
				CLANG_WARN_BOOL_CONVERSION = YES;
				CLANG_WARN_CONSTANT_CONVERSION = YES;
				CLANG_WARN_DIRECT_OBJC_ISA_USAGE = YES_ERROR;
				CLANG_WARN_EMPTY_BODY = YES;
				CLANG_WARN_ENUM_CONVERSION = YES;
				CLANG_WARN_INT_CONVERSION = YES;
				CLANG_WARN_OBJC_ROOT_CLASS = YES_ERROR;
				CLANG_WARN__DUPLICATE_METHOD_MATCH = YES;
				"CODE_SIGN_IDENTITY[sdk=iphoneos*]" = "iPhone Developer";
				COPY_PHASE_STRIP = YES;
				ENABLE_NS_ASSERTIONS = NO;
				GCC_C_LANGUAGE_STANDARD = gnu99;
				GCC_WARN_64_TO_32_BIT_CONVERSION = YES;
				GCC_WARN_ABOUT_RETURN_TYPE = YES_ERROR;
				GCC_WARN_UNDECLARED_SELECTOR = YES;
				GCC_WARN_UNINITIALIZED_AUTOS = YES_AGGRESSIVE;
				GCC_WARN_UNUSED_FUNCTION = YES;
				GCC_WARN_UNUSED_VARIABLE = YES;
				IPHONEOS_DEPLOYMENT_TARGET = 7.1;
				SDKROOT = iphoneos;
				VALIDATE_PRODUCT = YES;
			};
			name = Release;
		};
		2C8E58B51963EFE1005B3F52 /* Debug */ = {
			isa = XCBuildConfiguration;
			baseConfigurationReference = D97867E643D0448AAAD01CB7 /* Pods.xcconfig */;
			buildSettings = {
				ASSETCATALOG_COMPILER_APPICON_NAME = AppIcon;
				ASSETCATALOG_COMPILER_LAUNCHIMAGE_NAME = LaunchImage;
				GCC_PRECOMPILE_PREFIX_HEADER = YES;
				GCC_PREFIX_HEADER = "Coupon/Coupon-Prefix.pch";
				INFOPLIST_FILE = "Coupon/Coupon-Info.plist";
				PRODUCT_NAME = "优惠劵";
				WRAPPER_EXTENSION = app;
			};
			name = Debug;
		};
		2C8E58B61963EFE1005B3F52 /* Release */ = {
			isa = XCBuildConfiguration;
			baseConfigurationReference = D97867E643D0448AAAD01CB7 /* Pods.xcconfig */;
			buildSettings = {
				ASSETCATALOG_COMPILER_APPICON_NAME = AppIcon;
				ASSETCATALOG_COMPILER_LAUNCHIMAGE_NAME = LaunchImage;
				GCC_PRECOMPILE_PREFIX_HEADER = YES;
				GCC_PREFIX_HEADER = "Coupon/Coupon-Prefix.pch";
				INFOPLIST_FILE = "Coupon/Coupon-Info.plist";
				PRODUCT_NAME = "优惠劵";
				WRAPPER_EXTENSION = app;
			};
			name = Release;
		};
		2C8E58B81963EFE1005B3F52 /* Debug */ = {
			isa = XCBuildConfiguration;
			buildSettings = {
				BUNDLE_LOADER = "$(BUILT_PRODUCTS_DIR)/Coupon.app/Coupon";
				FRAMEWORK_SEARCH_PATHS = (
					"$(SDKROOT)/Developer/Library/Frameworks",
					"$(inherited)",
					"$(DEVELOPER_FRAMEWORKS_DIR)",
				);
				GCC_PRECOMPILE_PREFIX_HEADER = YES;
				GCC_PREFIX_HEADER = "Coupon/Coupon-Prefix.pch";
				GCC_PREPROCESSOR_DEFINITIONS = (
					"DEBUG=1",
					"$(inherited)",
				);
				INFOPLIST_FILE = "CouponTests/CouponTests-Info.plist";
				PRODUCT_NAME = "$(TARGET_NAME)";
				TEST_HOST = "$(BUNDLE_LOADER)";
				WRAPPER_EXTENSION = xctest;
			};
			name = Debug;
		};
		2C8E58B91963EFE1005B3F52 /* Release */ = {
			isa = XCBuildConfiguration;
			buildSettings = {
				BUNDLE_LOADER = "$(BUILT_PRODUCTS_DIR)/Coupon.app/Coupon";
				FRAMEWORK_SEARCH_PATHS = (
					"$(SDKROOT)/Developer/Library/Frameworks",
					"$(inherited)",
					"$(DEVELOPER_FRAMEWORKS_DIR)",
				);
				GCC_PRECOMPILE_PREFIX_HEADER = YES;
				GCC_PREFIX_HEADER = "Coupon/Coupon-Prefix.pch";
				INFOPLIST_FILE = "CouponTests/CouponTests-Info.plist";
				PRODUCT_NAME = "$(TARGET_NAME)";
				TEST_HOST = "$(BUNDLE_LOADER)";
				WRAPPER_EXTENSION = xctest;
			};
			name = Release;
		};
/* End XCBuildConfiguration section */

/* Begin XCConfigurationList section */
		2C8E587D1963EFE0005B3F52 /* Build configuration list for PBXProject "Coupon" */ = {
			isa = XCConfigurationList;
			buildConfigurations = (
				2C8E58B21963EFE1005B3F52 /* Debug */,
				2C8E58B31963EFE1005B3F52 /* Release */,
			);
			defaultConfigurationIsVisible = 0;
			defaultConfigurationName = Release;
		};
		2C8E58B41963EFE1005B3F52 /* Build configuration list for PBXNativeTarget "Coupon" */ = {
			isa = XCConfigurationList;
			buildConfigurations = (
				2C8E58B51963EFE1005B3F52 /* Debug */,
				2C8E58B61963EFE1005B3F52 /* Release */,
			);
			defaultConfigurationIsVisible = 0;
			defaultConfigurationName = Release;
		};
		2C8E58B71963EFE1005B3F52 /* Build configuration list for PBXNativeTarget "CouponTests" */ = {
			isa = XCConfigurationList;
			buildConfigurations = (
				2C8E58B81963EFE1005B3F52 /* Debug */,
				2C8E58B91963EFE1005B3F52 /* Release */,
			);
			defaultConfigurationIsVisible = 0;
			defaultConfigurationName = Release;
		};
/* End XCConfigurationList section */
	};
	rootObject = 2C8E587A1963EFE0005B3F52 /* Project object */;
}
